
Microsoft Visual Studio Solution File, Format Version 12.00
# Visual Studio Version 17
VisualStudioVersion = 17.6.33723.286
MinimumVisualStudioVersion = 10.0.40219.1
Project("{FAE04EC0-301F-11D3-BF4B-00C04F79EFBC}") = "PersiaNews.Client", "PersiaNews.Client\PersiaNews.Client.csproj", "{0728D223-D9E9-408F-96F3-1035C1F59F71}"
EndProject
Global
	GlobalSection(SolutionConfigurationPlatforms) = preSolution
		Debug|Any CPU = Debug|Any CPU
		Release|Any CPU = Release|Any CPU
	EndGlobalSection
	GlobalSection(ProjectConfigurationPlatforms) = postSolution
		{0728D223-D9E9-408F-96F3-1035C1F59F71}.Debug|Any CPU.ActiveCfg = Debug|Any CPU
		{0728D223-D9E9-408F-96F3-1035C1F59F71}.Debug|Any CPU.Build.0 = Debug|Any CPU
		{0728D223-D9E9-408F-96F3-1035C1F59F71}.Release|Any CPU.ActiveCfg = Release|Any CPU
		{0728D223-D9E9-408F-96F3-1035C1F59F71}.Release|Any CPU.Build.0 = Release|Any CPU
	EndGlobalSection
	GlobalSection(SolutionProperties) = preSolution
		HideSolutionNode = FALSE
	EndGlobalSection
	GlobalSection(ExtensibilityGlobals) = postSolution
		SolutionGuid = {2B5CD571-8C19-4E8E-AA1B-BE0F9BE168BC}
	EndGlobalSection
EndGlobal
